// !$*UTF8*$!
{
	archiveVersion = 1;
	classes = {
	};
	objectVersion = 46;
	objects = {

/* Begin PBXBuildFile section */
		062E298C1C71267000D94DA9 /* jsonUserData.json in Resources */ = {isa = PBXBuildFile; fileRef = 062E298B1C71266F00D94DA9 /* jsonUserData.json */; };
		062E298E1C71289200D94DA9 /* SwiftyJSON.swift in Sources */ = {isa = PBXBuildFile; fileRef = 062E298D1C71289200D94DA9 /* SwiftyJSON.swift */; };
		068176F01C6B908B00732B29 /* AppDelegate.swift in Sources */ = {isa = PBXBuildFile; fileRef = 068176EF1C6B908B00732B29 /* AppDelegate.swift */; };
		068176F21C6B908B00732B29 /* ViewController.swift in Sources */ = {isa = PBXBuildFile; fileRef = 068176F11C6B908B00732B29 /* ViewController.swift */; };
		068176F51C6B908B00732B29 /* Main.storyboard in Resources */ = {isa = PBXBuildFile; fileRef = 068176F31C6B908B00732B29 /* Main.storyboard */; };
		068176F81C6B908B00732B29 /* Peters816.xcdatamodeld in Sources */ = {isa = PBXBuildFile; fileRef = 068176F61C6B908B00732B29 /* Peters816.xcdatamodeld */; };
		068176FA1C6B908B00732B29 /* Assets.xcassets in Resources */ = {isa = PBXBuildFile; fileRef = 068176F91C6B908B00732B29 /* Assets.xcassets */; };
		068176FD1C6B908B00732B29 /* LaunchScreen.storyboard in Resources */ = {isa = PBXBuildFile; fileRef = 068176FB1C6B908B00732B29 /* LaunchScreen.storyboard */; };
		068177081C6B908C00732B29 /* Peters816Tests.swift in Sources */ = {isa = PBXBuildFile; fileRef = 068177071C6B908C00732B29 /* Peters816Tests.swift */; };
		068177131C6B908C00732B29 /* Peters816UITests.swift in Sources */ = {isa = PBXBuildFile; fileRef = 068177121C6B908C00732B29 /* Peters816UITests.swift */; };
		0681772E1C6C295D00732B29 /* User.swift in Sources */ = {isa = PBXBuildFile; fileRef = 0681772C1C6C295D00732B29 /* User.swift */; };
		06BBF3E41C70F44F008B2452 /* userInfoViewController.swift in Sources */ = {isa = PBXBuildFile; fileRef = 06BBF3E31C70F44F008B2452 /* userInfoViewController.swift */; };
		06F03BBE1C71259A0012C790 /* SwiftyJSON.framework in Frameworks */ = {isa = PBXBuildFile; fileRef = 06F03BBD1C71259A0012C790 /* SwiftyJSON.framework */; };
		1A939095C089698B5CC5AB25 /* Pods_Peters816.framework in Frameworks */ = {isa = PBXBuildFile; fileRef = 321F95E5F5F128EC91E14F9F /* Pods_Peters816.framework */; };
/* End PBXBuildFile section */

/* Begin PBXContainerItemProxy section */
		068177041C6B908C00732B29 /* PBXContainerItemProxy */ = {
			isa = PBXContainerItemProxy;
			containerPortal = 068176E41C6B908B00732B29 /* Project object */;
			proxyType = 1;
			remoteGlobalIDString = 068176EB1C6B908B00732B29;
			remoteInfo = Peters816;
		};
		0681770F1C6B908C00732B29 /* PBXContainerItemProxy */ = {
			isa = PBXContainerItemProxy;
			containerPortal = 068176E41C6B908B00732B29 /* Project object */;
			proxyType = 1;
			remoteGlobalIDString = 068176EB1C6B908B00732B29;
			remoteInfo = Peters816;
		};
/* End PBXContainerItemProxy section */

/* Begin PBXFileReference section */
		062E298B1C71266F00D94DA9 /* jsonUserData.json */ = {isa = PBXFileReference; fileEncoding = 4; lastKnownFileType = text.json; path = jsonUserData.json; sourceTree = "<group>"; };
		062E298D1C71289200D94DA9 /* SwiftyJSON.swift */ = {isa = PBXFileReference; fileEncoding = 4; lastKnownFileType = sourcecode.swift; path = SwiftyJSON.swift; sourceTree = "<group>"; };
		068176EC1C6B908B00732B29 /* Peters816.app */ = {isa = PBXFileReference; explicitFileType = wrapper.application; includeInIndex = 0; path = Peters816.app; sourceTree = BUILT_PRODUCTS_DIR; };
		068176EF1C6B908B00732B29 /* AppDelegate.swift */ = {isa = PBXFileReference; lastKnownFileType = sourcecode.swift; path = AppDelegate.swift; sourceTree = "<group>"; };
		068176F11C6B908B00732B29 /* ViewController.swift */ = {isa = PBXFileReference; lastKnownFileType = sourcecode.swift; path = ViewController.swift; sourceTree = "<group>"; };
		068176F41C6B908B00732B29 /* Base */ = {isa = PBXFileReference; lastKnownFileType = file.storyboard; name = Base; path = Base.lproj/Main.storyboard; sourceTree = "<group>"; };
		068176F71C6B908B00732B29 /* Peters816.xcdatamodel */ = {isa = PBXFileReference; lastKnownFileType = wrapper.xcdatamodel; path = Peters816.xcdatamodel; sourceTree = "<group>"; };
		068176F91C6B908B00732B29 /* Assets.xcassets */ = {isa = PBXFileReference; lastKnownFileType = folder.assetcatalog; path = Assets.xcassets; sourceTree = "<group>"; };
		068176FC1C6B908B00732B29 /* Base */ = {isa = PBXFileReference; lastKnownFileType = file.storyboard; name = Base; path = Base.lproj/LaunchScreen.storyboard; sourceTree = "<group>"; };
		068176FE1C6B908B00732B29 /* Info.plist */ = {isa = PBXFileReference; lastKnownFileType = text.plist.xml; path = Info.plist; sourceTree = "<group>"; };
		068177031C6B908C00732B29 /* Peters816Tests.xctest */ = {isa = PBXFileReference; explicitFileType = wrapper.cfbundle; includeInIndex = 0; path = Peters816Tests.xctest; sourceTree = BUILT_PRODUCTS_DIR; };
		068177071C6B908C00732B29 /* Peters816Tests.swift */ = {isa = PBXFileReference; lastKnownFileType = sourcecode.swift; path = Peters816Tests.swift; sourceTree = "<group>"; };
		068177091C6B908C00732B29 /* Info.plist */ = {isa = PBXFileReference; lastKnownFileType = text.plist.xml; path = Info.plist; sourceTree = "<group>"; };
		0681770E1C6B908C00732B29 /* Peters816UITests.xctest */ = {isa = PBXFileReference; explicitFileType = wrapper.cfbundle; includeInIndex = 0; path = Peters816UITests.xctest; sourceTree = BUILT_PRODUCTS_DIR; };
		068177121C6B908C00732B29 /* Peters816UITests.swift */ = {isa = PBXFileReference; lastKnownFileType = sourcecode.swift; path = Peters816UITests.swift; sourceTree = "<group>"; };
		068177141C6B908C00732B29 /* Info.plist */ = {isa = PBXFileReference; lastKnownFileType = text.plist.xml; path = Info.plist; sourceTree = "<group>"; };
		068177201C6C274200732B29 /* Peters816-Bridging-Header.h */ = {isa = PBXFileReference; lastKnownFileType = sourcecode.c.h; path = "Peters816-Bridging-Header.h"; sourceTree = "<group>"; };
		0681772C1C6C295D00732B29 /* User.swift */ = {isa = PBXFileReference; fileEncoding = 4; lastKnownFileType = sourcecode.swift; path = User.swift; sourceTree = "<group>"; };
		06BBF3E31C70F44F008B2452 /* userInfoViewController.swift */ = {isa = PBXFileReference; fileEncoding = 4; lastKnownFileType = sourcecode.swift; path = userInfoViewController.swift; sourceTree = "<group>"; };
		06F03BBD1C71259A0012C790 /* SwiftyJSON.framework */ = {isa = PBXFileReference; lastKnownFileType = wrapper.framework; name = SwiftyJSON.framework; path = "Pods/../build/Debug-iphoneos/SwiftyJSON.framework"; sourceTree = "<group>"; };
		321F95E5F5F128EC91E14F9F /* Pods_Peters816.framework */ = {isa = PBXFileReference; explicitFileType = wrapper.framework; includeInIndex = 0; path = Pods_Peters816.framework; sourceTree = BUILT_PRODUCTS_DIR; };
		3B043BD3EAD3119B196CB1E6 /* Pods-Peters816.release.xcconfig */ = {isa = PBXFileReference; includeInIndex = 1; lastKnownFileType = text.xcconfig; name = "Pods-Peters816.release.xcconfig"; path = "Pods/Target Support Files/Pods-Peters816/Pods-Peters816.release.xcconfig"; sourceTree = "<group>"; };
		4AFC8A50D26D5152225E485A /* Pods-Peters816.debug.xcconfig */ = {isa = PBXFileReference; includeInIndex = 1; lastKnownFileType = text.xcconfig; name = "Pods-Peters816.debug.xcconfig"; path = "Pods/Target Support Files/Pods-Peters816/Pods-Peters816.debug.xcconfig"; sourceTree = "<group>"; };
/* End PBXFileReference section */

/* Begin PBXFrameworksBuildPhase section */
		068176E91C6B908B00732B29 /* Frameworks */ = {
			isa = PBXFrameworksBuildPhase;
			buildActionMask = 2147483647;
			files = (
				06F03BBE1C71259A0012C790 /* SwiftyJSON.framework in Frameworks */,
				1A939095C089698B5CC5AB25 /* Pods_Peters816.framework in Frameworks */,
			);
			runOnlyForDeploymentPostprocessing = 0;
		};
		068177001C6B908C00732B29 /* Frameworks */ = {
			isa = PBXFrameworksBuildPhase;
			buildActionMask = 2147483647;
			files = (
			);
			runOnlyForDeploymentPostprocessing = 0;
		};
		0681770B1C6B908C00732B29 /* Frameworks */ = {
			isa = PBXFrameworksBuildPhase;
			buildActionMask = 2147483647;
			files = (
			);
			runOnlyForDeploymentPostprocessing = 0;
		};
/* End PBXFrameworksBuildPhase section */

/* Begin PBXGroup section */
		068176E31C6B908B00732B29 = {
			isa = PBXGroup;
			children = (
				0681772C1C6C295D00732B29 /* User.swift */,
				068176EE1C6B908B00732B29 /* Peters816 */,
				068177061C6B908C00732B29 /* Peters816Tests */,
				068177111C6B908C00732B29 /* Peters816UITests */,
				068176ED1C6B908B00732B29 /* Products */,
				068177201C6C274200732B29 /* Peters816-Bridging-Header.h */,
				2E6EA9050FF6F4A85CA9C0D2 /* Pods */,
				8581511DFDD412F9C92137DC /* Frameworks */,
			);
			sourceTree = "<group>";
		};
		068176ED1C6B908B00732B29 /* Products */ = {
			isa = PBXGroup;
			children = (
				068176EC1C6B908B00732B29 /* Peters816.app */,
				068177031C6B908C00732B29 /* Peters816Tests.xctest */,
				0681770E1C6B908C00732B29 /* Peters816UITests.xctest */,
			);
			name = Products;
			sourceTree = "<group>";
		};
		068176EE1C6B908B00732B29 /* Peters816 */ = {
			isa = PBXGroup;
			children = (
				068176EF1C6B908B00732B29 /* AppDelegate.swift */,
				062E298B1C71266F00D94DA9 /* jsonUserData.json */,
				068176F11C6B908B00732B29 /* ViewController.swift */,
				06BBF3E31C70F44F008B2452 /* userInfoViewController.swift */,
				062E298D1C71289200D94DA9 /* SwiftyJSON.swift */,
				068176F31C6B908B00732B29 /* Main.storyboard */,
				068176F91C6B908B00732B29 /* Assets.xcassets */,
				068176FB1C6B908B00732B29 /* LaunchScreen.storyboard */,
				068176FE1C6B908B00732B29 /* Info.plist */,
				068176F61C6B908B00732B29 /* Peters816.xcdatamodeld */,
			);
			path = Peters816;
			sourceTree = "<group>";
		};
		068177061C6B908C00732B29 /* Peters816Tests */ = {
			isa = PBXGroup;
			children = (
				068177071C6B908C00732B29 /* Peters816Tests.swift */,
				068177091C6B908C00732B29 /* Info.plist */,
			);
			path = Peters816Tests;
			sourceTree = "<group>";
		};
		068177111C6B908C00732B29 /* Peters816UITests */ = {
			isa = PBXGroup;
			children = (
				068177121C6B908C00732B29 /* Peters816UITests.swift */,
				068177141C6B908C00732B29 /* Info.plist */,
			);
			path = Peters816UITests;
			sourceTree = "<group>";
		};
		2E6EA9050FF6F4A85CA9C0D2 /* Pods */ = {
			isa = PBXGroup;
			children = (
				4AFC8A50D26D5152225E485A /* Pods-Peters816.debug.xcconfig */,
				3B043BD3EAD3119B196CB1E6 /* Pods-Peters816.release.xcconfig */,
			);
			name = Pods;
			sourceTree = "<group>";
		};
		8581511DFDD412F9C92137DC /* Frameworks */ = {
			isa = PBXGroup;
			children = (
				06F03BBD1C71259A0012C790 /* SwiftyJSON.framework */,
				321F95E5F5F128EC91E14F9F /* Pods_Peters816.framework */,
			);
			name = Frameworks;
			sourceTree = "<group>";
		};
/* End PBXGroup section */

/* Begin PBXNativeTarget section */
		068176EB1C6B908B00732B29 /* Peters816 */ = {
			isa = PBXNativeTarget;
			buildConfigurationList = 068177171C6B908C00732B29 /* Build configuration list for PBXNativeTarget "Peters816" */;
			buildPhases = (
				408CFA5BD7EA1DEBA846B1A3 /* Check Pods Manifest.lock */,
				068176E81C6B908B00732B29 /* Sources */,
				068176E91C6B908B00732B29 /* Frameworks */,
				068176EA1C6B908B00732B29 /* Resources */,
				A75533DFAA931EE90F751F4C /* Embed Pods Frameworks */,
				FEA52127110532084EA3AF75 /* Copy Pods Resources */,
			);
			buildRules = (
			);
			dependencies = (
			);
			name = Peters816;
			productName = Peters816;
			productReference = 068176EC1C6B908B00732B29 /* Peters816.app */;
			productType = "com.apple.product-type.application";
		};
		068177021C6B908C00732B29 /* Peters816Tests */ = {
			isa = PBXNativeTarget;
			buildConfigurationList = 0681771A1C6B908C00732B29 /* Build configuration list for PBXNativeTarget "Peters816Tests" */;
			buildPhases = (
				068176FF1C6B908C00732B29 /* Sources */,
				068177001C6B908C00732B29 /* Frameworks */,
				068177011C6B908C00732B29 /* Resources */,
			);
			buildRules = (
			);
			dependencies = (
				068177051C6B908C00732B29 /* PBXTargetDependency */,
			);
			name = Peters816Tests;
			productName = Peters816Tests;
			productReference = 068177031C6B908C00732B29 /* Peters816Tests.xctest */;
			productType = "com.apple.product-type.bundle.unit-test";
		};
		0681770D1C6B908C00732B29 /* Peters816UITests */ = {
			isa = PBXNativeTarget;
			buildConfigurationList = 0681771D1C6B908C00732B29 /* Build configuration list for PBXNativeTarget "Peters816UITests" */;
			buildPhases = (
				0681770A1C6B908C00732B29 /* Sources */,
				0681770B1C6B908C00732B29 /* Frameworks */,
				0681770C1C6B908C00732B29 /* Resources */,
			);
			buildRules = (
			);
			dependencies = (
				068177101C6B908C00732B29 /* PBXTargetDependency */,
			);
			name = Peters816UITests;
			productName = Peters816UITests;
			productReference = 0681770E1C6B908C00732B29 /* Peters816UITests.xctest */;
			productType = "com.apple.product-type.bundle.ui-testing";
		};
/* End PBXNativeTarget section */

/* Begin PBXProject section */
		068176E41C6B908B00732B29 /* Project object */ = {
			isa = PBXProject;
			attributes = {
				LastSwiftUpdateCheck = 0720;
				LastUpgradeCheck = 0720;
				ORGANIZATIONNAME = spandan;
				TargetAttributes = {
					068176EB1C6B908B00732B29 = {
						CreatedOnToolsVersion = 7.2;
					};
					068177021C6B908C00732B29 = {
						CreatedOnToolsVersion = 7.2;
						TestTargetID = 068176EB1C6B908B00732B29;
					};
					0681770D1C6B908C00732B29 = {
						CreatedOnToolsVersion = 7.2;
						TestTargetID = 068176EB1C6B908B00732B29;
					};
				};
			};
			buildConfigurationList = 068176E71C6B908B00732B29 /* Build configuration list for PBXProject "Peters816" */;
			compatibilityVersion = "Xcode 3.2";
			developmentRegion = English;
			hasScannedForEncodings = 0;
			knownRegions = (
				en,
				Base,
			);
			mainGroup = 068176E31C6B908B00732B29;
			productRefGroup = 068176ED1C6B908B00732B29 /* Products */;
			projectDirPath = "";
			projectRoot = "";
			targets = (
				068176EB1C6B908B00732B29 /* Peters816 */,
				068177021C6B908C00732B29 /* Peters816Tests */,
				0681770D1C6B908C00732B29 /* Peters816UITests */,
			);
		};
/* End PBXProject section */

/* Begin PBXResourcesBuildPhase section */
		068176EA1C6B908B00732B29 /* Resources */ = {
			isa = PBXResourcesBuildPhase;
			buildActionMask = 2147483647;
			files = (
				062E298C1C71267000D94DA9 /* jsonUserData.json in Resources */,
				068176FD1C6B908B00732B29 /* LaunchScreen.storyboard in Resources */,
				068176FA1C6B908B00732B29 /* Assets.xcassets in Resources */,
				068176F51C6B908B00732B29 /* Main.storyboard in Resources */,
			);
			runOnlyForDeploymentPostprocessing = 0;
		};
		068177011C6B908C00732B29 /* Resources */ = {
			isa = PBXResourcesBuildPhase;
			buildActionMask = 2147483647;
			files = (
			);
			runOnlyForDeploymentPostprocessing = 0;
		};
		0681770C1C6B908C00732B29 /* Resources */ = {
			isa = PBXResourcesBuildPhase;
			buildActionMask = 2147483647;
			files = (
			);
			runOnlyForDeploymentPostprocessing = 0;
		};
/* End PBXResourcesBuildPhase section */

/* Begin PBXShellScriptBuildPhase section */
		408CFA5BD7EA1DEBA846B1A3 /* Check Pods Manifest.lock */ = {
			isa = PBXShellScriptBuildPhase;
			buildActionMask = 2147483647;
			files = (
			);
			inputPaths = (
			);
			name = "Check Pods Manifest.lock";
			outputPaths = (
			);
			runOnlyForDeploymentPostprocessing = 0;
			shellPath = /bin/sh;
			shellScript = "diff \"${PODS_ROOT}/../Podfile.lock\" \"${PODS_ROOT}/Manifest.lock\" > /dev/null\nif [[ $? != 0 ]] ; then\n    cat << EOM\nerror: The sandbox is not in sync with the Podfile.lock. Run 'pod install' or update your CocoaPods installation.\nEOM\n    exit 1\nfi\n";
			showEnvVarsInLog = 0;
		};
		A75533DFAA931EE90F751F4C /* Embed Pods Frameworks */ = {
			isa = PBXShellScriptBuildPhase;
			buildActionMask = 2147483647;
			files = (
			);
			inputPaths = (
			);
			name = "Embed Pods Frameworks";
			outputPaths = (
			);
			runOnlyForDeploymentPostprocessing = 0;
			shellPath = /bin/sh;
			shellScript = "\"${SRCROOT}/Pods/Target Support Files/Pods-Peters816/Pods-Peters816-frameworks.sh\"\n";
			showEnvVarsInLog = 0;
		};
		FEA52127110532084EA3AF75 /* Copy Pods Resources */ = {
			isa = PBXShellScriptBuildPhase;
			buildActionMask = 2147483647;
			files = (
			);
			inputPaths = (
			);
			name = "Copy Pods Resources";
			outputPaths = (
			);
			runOnlyForDeploymentPostprocessing = 0;
			shellPath = /bin/sh;
			shellScript = "\"${SRCROOT}/Pods/Target Support Files/Pods-Peters816/Pods-Peters816-resources.sh\"\n";
			showEnvVarsInLog = 0;
		};
/* End PBXShellScriptBuildPhase section */

/* Begin PBXSourcesBuildPhase section */
		068176E81C6B908B00732B29 /* Sources */ = {
			isa = PBXSourcesBuildPhase;
			buildActionMask = 2147483647;
			files = (
				06BBF3E41C70F44F008B2452 /* userInfoViewController.swift in Sources */,
				068176F21C6B908B00732B29 /* ViewController.swift in Sources */,
				068176F81C6B908B00732B29 /* Peters816.xcdatamodeld in Sources */,
				062E298E1C71289200D94DA9 /* SwiftyJSON.swift in Sources */,
				0681772E1C6C295D00732B29 /* User.swift in Sources */,
				068176F01C6B908B00732B29 /* AppDelegate.swift in Sources */,
			);
			runOnlyForDeploymentPostprocessing = 0;
		};
		068176FF1C6B908C00732B29 /* Sources */ = {
			isa = PBXSourcesBuildPhase;
			buildActionMask = 2147483647;
			files = (
				068177081C6B908C00732B29 /* Peters816Tests.swift in Sources */,
			);
			runOnlyForDeploymentPostprocessing = 0;
		};
		0681770A1C6B908C00732B29 /* Sources */ = {
			isa = PBXSourcesBuildPhase;
			buildActionMask = 2147483647;
			files = (
				068177131C6B908C00732B29 /* Peters816UITests.swift in Sources */,
			);
			runOnlyForDeploymentPostprocessing = 0;
		};
/* End PBXSourcesBuildPhase section */

/* Begin PBXTargetDependency section */
		068177051C6B908C00732B29 /* PBXTargetDependency */ = {
			isa = PBXTargetDependency;
			target = 068176EB1C6B908B00732B29 /* Peters816 */;
			targetProxy = 068177041C6B908C00732B29 /* PBXContainerItemProxy */;
		};
		068177101C6B908C00732B29 /* PBXTargetDependency */ = {
			isa = PBXTargetDependency;
			target = 068176EB1C6B908B00732B29 /* Peters816 */;
			targetProxy = 0681770F1C6B908C00732B29 /* PBXContainerItemProxy */;
		};
/* End PBXTargetDependency section */

/* Begin PBXVariantGroup section */
		068176F31C6B908B00732B29 /* Main.storyboard */ = {
			isa = PBXVariantGroup;
			children = (
				068176F41C6B908B00732B29 /* Base */,
			);
			name = Main.storyboard;
			sourceTree = "<group>";
		};
		068176FB1C6B908B00732B29 /* LaunchScreen.storyboard */ = {
			isa = PBXVariantGroup;
			children = (
				068176FC1C6B908B00732B29 /* Base */,
			);
			name = LaunchScreen.storyboard;
			sourceTree = "<group>";
		};
/* End PBXVariantGroup section */

/* Begin XCBuildConfiguration section */
		068177151C6B908C00732B29 /* Debug */ = {
			isa = XCBuildConfiguration;
			buildSettings = {
				ALWAYS_SEARCH_USER_PATHS = NO;
				CLANG_CXX_LANGUAGE_STANDARD = "gnu++0x";
				CLANG_CXX_LIBRARY = "libc++";
				CLANG_ENABLE_MODULES = YES;
				CLANG_ENABLE_OBJC_ARC = YES;
				CLANG_WARN_BOOL_CONVERSION = YES;
				CLANG_WARN_CONSTANT_CONVERSION = YES;
				CLANG_WARN_DIRECT_OBJC_ISA_USAGE = YES_ERROR;
				CLANG_WARN_EMPTY_BODY = YES;
				CLANG_WARN_ENUM_CONVERSION = YES;
				CLANG_WARN_INT_CONVERSION = YES;
				CLANG_WARN_OBJC_ROOT_CLASS = YES_ERROR;
				CLANG_WARN_UNREACHABLE_CODE = YES;
				CLANG_WARN__DUPLICATE_METHOD_MATCH = YES;
				"CODE_SIGN_IDENTITY[sdk=iphoneos*]" = "iPhone Developer";
				COPY_PHASE_STRIP = NO;
				DEBUG_INFORMATION_FORMAT = dwarf;
				ENABLE_STRICT_OBJC_MSGSEND = YES;
				ENABLE_TESTABILITY = YES;
				GCC_C_LANGUAGE_STANDARD = gnu99;
				GCC_DYNAMIC_NO_PIC = NO;
				GCC_NO_COMMON_BLOCKS = YES;
				GCC_OPTIMIZATION_LEVEL = 0;
				GCC_PREPROCESSOR_DEFINITIONS = (
					"DEBUG=1",
					"$(inherited)",
				);
				GCC_WARN_64_TO_32_BIT_CONVERSION = YES;
				GCC_WARN_ABOUT_RETURN_TYPE = YES_ERROR;
				GCC_WARN_UNDECLARED_SELECTOR = YES;
				GCC_WARN_UNINITIALIZED_AUTOS = YES_AGGRESSIVE;
				GCC_WARN_UNUSED_FUNCTION = YES;
				GCC_WARN_UNUSED_VARIABLE = YES;
				IPHONEOS_DEPLOYMENT_TARGET = 9.2;
				MTL_ENABLE_DEBUG_INFO = YES;
				ONLY_ACTIVE_ARCH = YES;
				SDKROOT = iphoneos;
				SWIFT_OPTIMIZATION_LEVEL = "-Onone";
			};
			name = Debug;
		};
		068177161C6B908C00732B29 /* Release */ = {
			isa = XCBuildConfiguration;
			buildSettings = {
				ALWAYS_SEARCH_USER_PATHS = NO;
				CLANG_CXX_LANGUAGE_STANDARD = "gnu++0x";
				CLANG_CXX_LIBRARY = "libc++";
				CLANG_ENABLE_MODULES = YES;
				CLANG_ENABLE_OBJC_ARC = YES;
				CLANG_WARN_BOOL_CONVERSION = YES;
				CLANG_WARN_CONSTANT_CONVERSION = YES;
				CLANG_WARN_DIRECT_OBJC_ISA_USAGE = YES_ERROR;
				CLANG_WARN_EMPTY_BODY = YES;
				CLANG_WARN_ENUM_CONVERSION = YES;
				CLANG_WARN_INT_CONVERSION = YES;
				CLANG_WARN_OBJC_ROOT_CLASS = YES_ERROR;
				CLANG_WARN_UNREACHABLE_CODE = YES;
				CLANG_WARN__DUPLICATE_METHOD_MATCH = YES;
				"CODE_SIGN_IDENTITY[sdk=iphoneos*]" = "iPhone Developer";
				COPY_PHASE_STRIP = NO;
				DEBUG_INFORMATION_FORMAT = "dwarf-with-dsym";
				ENABLE_NS_ASSERTIONS = NO;
				ENABLE_STRICT_OBJC_MSGSEND = YES;
				GCC_C_LANGUAGE_STANDARD = gnu99;
				GCC_NO_COMMON_BLOCKS = YES;
				GCC_WARN_64_TO_32_BIT_CONVERSION = YES;
				GCC_WARN_ABOUT_RETURN_TYPE = YES_ERROR;
				GCC_WARN_UNDECLARED_SELECTOR = YES;
				GCC_WARN_UNINITIALIZED_AUTOS = YES_AGGRESSIVE;
				GCC_WARN_UNUSED_FUNCTION = YES;
				GCC_WARN_UNUSED_VARIABLE = YES;
				IPHONEOS_DEPLOYMENT_TARGET = 9.2;
				MTL_ENABLE_DEBUG_INFO = NO;
				SDKROOT = iphoneos;
				VALIDATE_PRODUCT = YES;
			};
			name = Release;
		};
		068177181C6B908C00732B29 /* Debug */ = {
			isa = XCBuildConfiguration;
			baseConfigurationReference = 4AFC8A50D26D5152225E485A /* Pods-Peters816.debug.xcconfig */;
			buildSettings = {
				ASSETCATALOG_COMPILER_APPICON_NAME = AppIcon;
				CLANG_ENABLE_MODULES = YES;
				FRAMEWORK_SEARCH_PATHS = (
					"$(inherited)",
					"$(PROJECT_DIR)/build/Debug-iphoneos",
				);
				INFOPLIST_FILE = Peters816/Info.plist;
				LD_RUNPATH_SEARCH_PATHS = "$(inherited) @executable_path/Frameworks";
				PRODUCT_BUNDLE_IDENTIFIER = com.Peters816;
				PRODUCT_NAME = "$(TARGET_NAME)";
				SWIFT_OBJC_BRIDGING_HEADER = "Peters816-Bridging-Header.h";
				SWIFT_OPTIMIZATION_LEVEL = "-Onone";
			};
			name = Debug;
		};
		068177191C6B908C00732B29 /* Release */ = {
			isa = XCBuildConfiguration;
			baseConfigurationReference = 3B043BD3EAD3119B196CB1E6 /* Pods-Peters816.release.xcconfig */;
			buildSettings = {
				ASSETCATALOG_COMPILER_APPICON_NAME = AppIcon;
				CLANG_ENABLE_MODULES = YES;
				FRAMEWORK_SEARCH_PATHS = (
					"$(inherited)",
					"$(PROJECT_DIR)/build/Debug-iphoneos",
				);
				INFOPLIST_FILE = Peters816/Info.plist;
				LD_RUNPATH_SEARCH_PATHS = "$(inherited) @executable_path/Frameworks";
				PRODUCT_BUNDLE_IDENTIFIER = com.Peters816;
				PRODUCT_NAME = "$(TARGET_NAME)";
				SWIFT_OBJC_BRIDGING_HEADER = "Peters816-Bridging-Header.h";
			};
			name = Release;
		};
		0681771B1C6B908C00732B29 /* Debug */ = {
			isa = XCBuildConfiguration;
			buildSettings = {
				BUNDLE_LOADER = "$(TEST_HOST)";
				INFOPLIST_FILE = Peters816Tests/Info.plist;
				LD_RUNPATH_SEARCH_PATHS = "$(inherited) @executable_path/Frameworks @loader_path/Frameworks";
				PRODUCT_BUNDLE_IDENTIFIER = com.Peters816Tests;
				PRODUCT_NAME = "$(TARGET_NAME)";
				TEST_HOST = "$(BUILT_PRODUCTS_DIR)/Peters816.app/Peters816";
			};
			name = Debug;
		};
		0681771C1C6B908C00732B29 /* Release */ = {
			isa = XCBuildConfiguration;
			buildSettings = {
				BUNDLE_LOADER = "$(TEST_HOST)";
				INFOPLIST_FILE = Peters816Tests/Info.plist;
				LD_RUNPATH_SEARCH_PATHS = "$(inherited) @executable_path/Frameworks @loader_path/Frameworks";
				PRODUCT_BUNDLE_IDENTIFIER = com.Peters816Tests;
				PRODUCT_NAME = "$(TARGET_NAME)";
				TEST_HOST = "$(BUILT_PRODUCTS_DIR)/Peters816.app/Peters816";
			};
			name = Release;
		};
		0681771E1C6B908C00732B29 /* Debug */ = {
			isa = XCBuildConfiguration;
			buildSettings = {
				INFOPLIST_FILE = Peters816UITests/Info.plist;
				LD_RUNPATH_SEARCH_PATHS = "$(inherited) @executable_path/Frameworks @loader_path/Frameworks";
				PRODUCT_BUNDLE_IDENTIFIER = com.Peters816UITests;
				PRODUCT_NAME = "$(TARGET_NAME)";
				TEST_TARGET_NAME = Peters816;
				USES_XCTRUNNER = YES;
			};
			name = Debug;
		};
		0681771F1C6B908C00732B29 /* Release */ = {
			isa = XCBuildConfiguration;
			buildSettings = {
				INFOPLIST_FILE = Peters816UITests/Info.plist;
				LD_RUNPATH_SEARCH_PATHS = "$(inherited) @executable_path/Frameworks @loader_path/Frameworks";
				PRODUCT_BUNDLE_IDENTIFIER = com.Peters816UITests;
				PRODUCT_NAME = "$(TARGET_NAME)";
				TEST_TARGET_NAME = Peters816;
				USES_XCTRUNNER = YES;
			};
			name = Release;
		};
/* End XCBuildConfiguration section */

/* Begin XCConfigurationList section */
		068176E71C6B908B00732B29 /* Build configuration list for PBXProject "Peters816" */ = {
			isa = XCConfigurationList;
			buildConfigurations = (
				068177151C6B908C00732B29 /* Debug */,
				068177161C6B908C00732B29 /* Release */,
			);
			defaultConfigurationIsVisible = 0;
			defaultConfigurationName = Release;
		};
		068177171C6B908C00732B29 /* Build configuration list for PBXNativeTarget "Peters816" */ = {
			isa = XCConfigurationList;
			buildConfigurations = (
				068177181C6B908C00732B29 /* Debug */,
				068177191C6B908C00732B29 /* Release */,
			);
			defaultConfigurationIsVisible = 0;
			defaultConfigurationName = Release;
		};
		0681771A1C6B908C00732B29 /* Build configuration list for PBXNativeTarget "Peters816Tests" */ = {
			isa = XCConfigurationList;
			buildConfigurations = (
				0681771B1C6B908C00732B29 /* Debug */,
				0681771C1C6B908C00732B29 /* Release */,
			);
			defaultConfigurationIsVisible = 0;
			defaultConfigurationName = Release;
		};
		0681771D1C6B908C00732B29 /* Build configuration list for PBXNativeTarget "Peters816UITests" */ = {
			isa = XCConfigurationList;
			buildConfigurations = (
				0681771E1C6B908C00732B29 /* Debug */,
				0681771F1C6B908C00732B29 /* Release */,
			);
			defaultConfigurationIsVisible = 0;
			defaultConfigurationName = Release;
		};
/* End XCConfigurationList section */

/* Begin XCVersionGroup section */
		068176F61C6B908B00732B29 /* Peters816.xcdatamodeld */ = {
			isa = XCVersionGroup;
			children = (
				068176F71C6B908B00732B29 /* Peters816.xcdatamodel */,
			);
			currentVersion = 068176F71C6B908B00732B29 /* Peters816.xcdatamodel */;
			path = Peters816.xcdatamodeld;
			sourceTree = "<group>";
			versionGroupType = wrapper.xcdatamodel;
		};
/* End XCVersionGroup section */
	};
	rootObject = 068176E41C6B908B00732B29 /* Project object */;
}
